// !$*UTF8*$!
{
	archiveVersion = 1;
	classes = {
	};
	objectVersion = 50;
	objects = {

/* Begin PBXBuildFile section */
		53144BED2357131E0021DCD9 /* Tests.swift in Sources */ = {isa = PBXBuildFile; fileRef = 53144BEC2357131E0021DCD9 /* Tests.swift */; };
		53144BF5235726900021DCD9 /* RecordToolbarMode.swift in Sources */ = {isa = PBXBuildFile; fileRef = 53144BF4235726900021DCD9 /* RecordToolbarMode.swift */; };
		53868D91233B448400CDB8F4 /* AppDelegate.swift in Sources */ = {isa = PBXBuildFile; fileRef = 53868D90233B448400CDB8F4 /* AppDelegate.swift */; };
		53868D96233B448400CDB8F4 /* Main.storyboard in Resources */ = {isa = PBXBuildFile; fileRef = 53868D94233B448400CDB8F4 /* Main.storyboard */; };
		53868D98233B448500CDB8F4 /* Assets.xcassets in Resources */ = {isa = PBXBuildFile; fileRef = 53868D97233B448500CDB8F4 /* Assets.xcassets */; };
		53868D9B233B448500CDB8F4 /* LaunchScreen.storyboard in Resources */ = {isa = PBXBuildFile; fileRef = 53868D99233B448500CDB8F4 /* LaunchScreen.storyboard */; };
		53868DB4233B559000CDB8F4 /* RBScrollView.swift in Sources */ = {isa = PBXBuildFile; fileRef = 53868DB0233B559000CDB8F4 /* RBScrollView.swift */; };
		53868DB5233B559000CDB8F4 /* RBScrollViewCell.swift in Sources */ = {isa = PBXBuildFile; fileRef = 53868DB1233B559000CDB8F4 /* RBScrollViewCell.swift */; };
		53868DB6233B559000CDB8F4 /* RBPlayheadView.swift in Sources */ = {isa = PBXBuildFile; fileRef = 53868DB2233B559000CDB8F4 /* RBPlayheadView.swift */; };
		53868DB7233B559000CDB8F4 /* RBTapRecordView.swift in Sources */ = {isa = PBXBuildFile; fileRef = 53868DB3233B559000CDB8F4 /* RBTapRecordView.swift */; };
		5392195F2355DD18003A74FF /* RBToolbarView.swift in Sources */ = {isa = PBXBuildFile; fileRef = 539219552355DD18003A74FF /* RBToolbarView.swift */; };
		539219602355DD18003A74FF /* RBEditorViewController.swift in Sources */ = {isa = PBXBuildFile; fileRef = 539219562355DD18003A74FF /* RBEditorViewController.swift */; };
		539219612355DD18003A74FF /* RBData.swift in Sources */ = {isa = PBXBuildFile; fileRef = 539219572355DD18003A74FF /* RBData.swift */; };
		539219622355DD18003A74FF /* RBActionView.swift in Sources */ = {isa = PBXBuildFile; fileRef = 539219582355DD18003A74FF /* RBActionView.swift */; };
		539219682355DD50003A74FF /* RhythmToolbarMode.swift in Sources */ = {isa = PBXBuildFile; fileRef = 539219672355DD50003A74FF /* RhythmToolbarMode.swift */; };
		5392196A2355E006003A74FF /* VelocityToolbarMode.swift in Sources */ = {isa = PBXBuildFile; fileRef = 539219692355E006003A74FF /* VelocityToolbarMode.swift */; };
		5392196C2355E013003A74FF /* ArpToolbarMode.swift in Sources */ = {isa = PBXBuildFile; fileRef = 5392196B2355E013003A74FF /* ArpToolbarMode.swift */; };
		5392196E2355E01E003A74FF /* SnapshotToolbarMode.swift in Sources */ = {isa = PBXBuildFile; fileRef = 5392196D2355E01E003A74FF /* SnapshotToolbarMode.swift */; };
		539219702355E039003A74FF /* RatchetToolbarMode.swift in Sources */ = {isa = PBXBuildFile; fileRef = 5392196F2355E039003A74FF /* RatchetToolbarMode.swift */; };
/* End PBXBuildFile section */

/* Begin PBXContainerItemProxy section */
		53144BEF2357131E0021DCD9 /* PBXContainerItemProxy */ = {
			isa = PBXContainerItemProxy;
			containerPortal = 53868D85233B448400CDB8F4 /* Project object */;
			proxyType = 1;
			remoteGlobalIDString = 53868D8C233B448400CDB8F4;
			remoteInfo = RBEditorViewController;
		};
/* End PBXContainerItemProxy section */

/* Begin PBXFileReference section */
		53144BEA2357131E0021DCD9 /* Tests.xctest */ = {isa = PBXFileReference; explicitFileType = wrapper.cfbundle; includeInIndex = 0; path = Tests.xctest; sourceTree = BUILT_PRODUCTS_DIR; };
		53144BEC2357131E0021DCD9 /* Tests.swift */ = {isa = PBXFileReference; lastKnownFileType = sourcecode.swift; path = Tests.swift; sourceTree = "<group>"; };
		53144BEE2357131E0021DCD9 /* Info.plist */ = {isa = PBXFileReference; lastKnownFileType = text.plist.xml; path = Info.plist; sourceTree = "<group>"; };
		53144BF4235726900021DCD9 /* RecordToolbarMode.swift */ = {isa = PBXFileReference; lastKnownFileType = sourcecode.swift; path = RecordToolbarMode.swift; sourceTree = "<group>"; };
		53868D8D233B448400CDB8F4 /* RBEditorViewController.app */ = {isa = PBXFileReference; explicitFileType = wrapper.application; includeInIndex = 0; path = RBEditorViewController.app; sourceTree = BUILT_PRODUCTS_DIR; };
		53868D90233B448400CDB8F4 /* AppDelegate.swift */ = {isa = PBXFileReference; lastKnownFileType = sourcecode.swift; path = AppDelegate.swift; sourceTree = "<group>"; };
		53868D95233B448400CDB8F4 /* Base */ = {isa = PBXFileReference; lastKnownFileType = file.storyboard; name = Base; path = Base.lproj/Main.storyboard; sourceTree = "<group>"; };
		53868D97233B448500CDB8F4 /* Assets.xcassets */ = {isa = PBXFileReference; lastKnownFileType = folder.assetcatalog; path = Assets.xcassets; sourceTree = "<group>"; };
		53868D9A233B448500CDB8F4 /* Base */ = {isa = PBXFileReference; lastKnownFileType = file.storyboard; name = Base; path = Base.lproj/LaunchScreen.storyboard; sourceTree = "<group>"; };
		53868D9C233B448500CDB8F4 /* Info.plist */ = {isa = PBXFileReference; lastKnownFileType = text.plist.xml; path = Info.plist; sourceTree = "<group>"; };
		53868DB0233B559000CDB8F4 /* RBScrollView.swift */ = {isa = PBXFileReference; fileEncoding = 4; lastKnownFileType = sourcecode.swift; path = RBScrollView.swift; sourceTree = "<group>"; };
		53868DB1233B559000CDB8F4 /* RBScrollViewCell.swift */ = {isa = PBXFileReference; fileEncoding = 4; lastKnownFileType = sourcecode.swift; path = RBScrollViewCell.swift; sourceTree = "<group>"; };
		53868DB2233B559000CDB8F4 /* RBPlayheadView.swift */ = {isa = PBXFileReference; fileEncoding = 4; lastKnownFileType = sourcecode.swift; path = RBPlayheadView.swift; sourceTree = "<group>"; };
		53868DB3233B559000CDB8F4 /* RBTapRecordView.swift */ = {isa = PBXFileReference; fileEncoding = 4; lastKnownFileType = sourcecode.swift; path = RBTapRecordView.swift; sourceTree = "<group>"; };
		539219552355DD18003A74FF /* RBToolbarView.swift */ = {isa = PBXFileReference; fileEncoding = 4; lastKnownFileType = sourcecode.swift; path = RBToolbarView.swift; sourceTree = "<group>"; };
		539219562355DD18003A74FF /* RBEditorViewController.swift */ = {isa = PBXFileReference; fileEncoding = 4; lastKnownFileType = sourcecode.swift; path = RBEditorViewController.swift; sourceTree = "<group>"; };
		539219572355DD18003A74FF /* RBData.swift */ = {isa = PBXFileReference; fileEncoding = 4; lastKnownFileType = sourcecode.swift; path = RBData.swift; sourceTree = "<group>"; };
		539219582355DD18003A74FF /* RBActionView.swift */ = {isa = PBXFileReference; fileEncoding = 4; lastKnownFileType = sourcecode.swift; path = RBActionView.swift; sourceTree = "<group>"; };
		539219672355DD50003A74FF /* RhythmToolbarMode.swift */ = {isa = PBXFileReference; lastKnownFileType = sourcecode.swift; path = RhythmToolbarMode.swift; sourceTree = "<group>"; };
		539219692355E006003A74FF /* VelocityToolbarMode.swift */ = {isa = PBXFileReference; lastKnownFileType = sourcecode.swift; path = VelocityToolbarMode.swift; sourceTree = "<group>"; };
		5392196B2355E013003A74FF /* ArpToolbarMode.swift */ = {isa = PBXFileReference; lastKnownFileType = sourcecode.swift; path = ArpToolbarMode.swift; sourceTree = "<group>"; };
		5392196D2355E01E003A74FF /* SnapshotToolbarMode.swift */ = {isa = PBXFileReference; lastKnownFileType = sourcecode.swift; path = SnapshotToolbarMode.swift; sourceTree = "<group>"; };
		5392196F2355E039003A74FF /* RatchetToolbarMode.swift */ = {isa = PBXFileReference; lastKnownFileType = sourcecode.swift; path = RatchetToolbarMode.swift; sourceTree = "<group>"; };
/* End PBXFileReference section */

/* Begin PBXFrameworksBuildPhase section */
		53144BE72357131E0021DCD9 /* Frameworks */ = {
			isa = PBXFrameworksBuildPhase;
			buildActionMask = 2147483647;
			files = (
			);
			runOnlyForDeploymentPostprocessing = 0;
		};
		53868D8A233B448400CDB8F4 /* Frameworks */ = {
			isa = PBXFrameworksBuildPhase;
			buildActionMask = 2147483647;
			files = (
			);
			runOnlyForDeploymentPostprocessing = 0;
		};
/* End PBXFrameworksBuildPhase section */

/* Begin PBXGroup section */
		53144BEB2357131E0021DCD9 /* Tests */ = {
			isa = PBXGroup;
			children = (
				53144BEC2357131E0021DCD9 /* Tests.swift */,
				53144BEE2357131E0021DCD9 /* Info.plist */,
			);
			path = Tests;
			sourceTree = "<group>";
		};
		53868D84233B448400CDB8F4 = {
			isa = PBXGroup;
			children = (
				53868D8F233B448400CDB8F4 /* RBEditorViewController */,
				53144BEB2357131E0021DCD9 /* Tests */,
				53868D8E233B448400CDB8F4 /* Products */,
			);
			sourceTree = "<group>";
		};
		53868D8E233B448400CDB8F4 /* Products */ = {
			isa = PBXGroup;
			children = (
				53868D8D233B448400CDB8F4 /* RBEditorViewController.app */,
				53144BEA2357131E0021DCD9 /* Tests.xctest */,
			);
			name = Products;
			sourceTree = "<group>";
		};
		53868D8F233B448400CDB8F4 /* RBEditorViewController */ = {
			isa = PBXGroup;
			children = (
				53868D90233B448400CDB8F4 /* AppDelegate.swift */,
				53868DAF233B559000CDB8F4 /* RBScrollView */,
				539219542355DD18003A74FF /* RBEditor */,
				5392195E2355DD18003A74FF /* RBToolbarMode */,
				53868D94233B448400CDB8F4 /* Main.storyboard */,
				53868D97233B448500CDB8F4 /* Assets.xcassets */,
				53868D99233B448500CDB8F4 /* LaunchScreen.storyboard */,
				53868D9C233B448500CDB8F4 /* Info.plist */,
			);
			path = RBEditorViewController;
			sourceTree = "<group>";
		};
		53868DAF233B559000CDB8F4 /* RBScrollView */ = {
			isa = PBXGroup;
			children = (
				53868DB0233B559000CDB8F4 /* RBScrollView.swift */,
				53868DB1233B559000CDB8F4 /* RBScrollViewCell.swift */,
				53868DB2233B559000CDB8F4 /* RBPlayheadView.swift */,
				53868DB3233B559000CDB8F4 /* RBTapRecordView.swift */,
			);
			path = RBScrollView;
			sourceTree = "<group>";
		};
		539219542355DD18003A74FF /* RBEditor */ = {
			isa = PBXGroup;
			children = (
				539219572355DD18003A74FF /* RBData.swift */,
				539219562355DD18003A74FF /* RBEditorViewController.swift */,
				539219552355DD18003A74FF /* RBToolbarView.swift */,
				539219582355DD18003A74FF /* RBActionView.swift */,
			);
			path = RBEditor;
			sourceTree = "<group>";
		};
		5392195E2355DD18003A74FF /* RBToolbarMode */ = {
			isa = PBXGroup;
			children = (
				539219672355DD50003A74FF /* RhythmToolbarMode.swift */,
				539219692355E006003A74FF /* VelocityToolbarMode.swift */,
				5392196B2355E013003A74FF /* ArpToolbarMode.swift */,
				5392196D2355E01E003A74FF /* SnapshotToolbarMode.swift */,
				5392196F2355E039003A74FF /* RatchetToolbarMode.swift */,
				53144BF4235726900021DCD9 /* RecordToolbarMode.swift */,
			);
			path = RBToolbarMode;
			sourceTree = "<group>";
		};
/* End PBXGroup section */

/* Begin PBXNativeTarget section */
		53144BE92357131E0021DCD9 /* Tests */ = {
			isa = PBXNativeTarget;
			buildConfigurationList = 53144BF32357131E0021DCD9 /* Build configuration list for PBXNativeTarget "Tests" */;
			buildPhases = (
				53144BE62357131E0021DCD9 /* Sources */,
				53144BE72357131E0021DCD9 /* Frameworks */,
				53144BE82357131E0021DCD9 /* Resources */,
			);
			buildRules = (
			);
			dependencies = (
				53144BF02357131E0021DCD9 /* PBXTargetDependency */,
			);
			name = Tests;
			productName = Tests;
			productReference = 53144BEA2357131E0021DCD9 /* Tests.xctest */;
			productType = "com.apple.product-type.bundle.unit-test";
		};
		53868D8C233B448400CDB8F4 /* RBEditorViewController */ = {
			isa = PBXNativeTarget;
			buildConfigurationList = 53868D9F233B448500CDB8F4 /* Build configuration list for PBXNativeTarget "RBEditorViewController" */;
			buildPhases = (
				53868D89233B448400CDB8F4 /* Sources */,
				53868D8A233B448400CDB8F4 /* Frameworks */,
				53868D8B233B448400CDB8F4 /* Resources */,
			);
			buildRules = (
			);
			dependencies = (
			);
			name = RBEditorViewController;
			productName = RBEditorViewController;
			productReference = 53868D8D233B448400CDB8F4 /* RBEditorViewController.app */;
			productType = "com.apple.product-type.application";
		};
/* End PBXNativeTarget section */

/* Begin PBXProject section */
		53868D85233B448400CDB8F4 /* Project object */ = {
			isa = PBXProject;
			attributes = {
				LastSwiftUpdateCheck = 1110;
				LastUpgradeCheck = 1020;
				ORGANIZATIONNAME = cemolcay;
				TargetAttributes = {
					53144BE92357131E0021DCD9 = {
						CreatedOnToolsVersion = 11.1;
						TestTargetID = 53868D8C233B448400CDB8F4;
					};
					53868D8C233B448400CDB8F4 = {
						CreatedOnToolsVersion = 10.2;
					};
				};
			};
			buildConfigurationList = 53868D88233B448400CDB8F4 /* Build configuration list for PBXProject "RBEditorViewController" */;
			compatibilityVersion = "Xcode 9.3";
			developmentRegion = en;
			hasScannedForEncodings = 0;
			knownRegions = (
				en,
				Base,
			);
			mainGroup = 53868D84233B448400CDB8F4;
			productRefGroup = 53868D8E233B448400CDB8F4 /* Products */;
			projectDirPath = "";
			projectRoot = "";
			targets = (
				53868D8C233B448400CDB8F4 /* RBEditorViewController */,
				53144BE92357131E0021DCD9 /* Tests */,
			);
		};
/* End PBXProject section */

/* Begin PBXResourcesBuildPhase section */
		53144BE82357131E0021DCD9 /* Resources */ = {
			isa = PBXResourcesBuildPhase;
			buildActionMask = 2147483647;
			files = (
			);
			runOnlyForDeploymentPostprocessing = 0;
		};
		53868D8B233B448400CDB8F4 /* Resources */ = {
			isa = PBXResourcesBuildPhase;
			buildActionMask = 2147483647;
			files = (
				53868D9B233B448500CDB8F4 /* LaunchScreen.storyboard in Resources */,
				53868D98233B448500CDB8F4 /* Assets.xcassets in Resources */,
				53868D96233B448400CDB8F4 /* Main.storyboard in Resources */,
			);
			runOnlyForDeploymentPostprocessing = 0;
		};
/* End PBXResourcesBuildPhase section */

/* Begin PBXSourcesBuildPhase section */
		53144BE62357131E0021DCD9 /* Sources */ = {
			isa = PBXSourcesBuildPhase;
			buildActionMask = 2147483647;
			files = (
				53144BED2357131E0021DCD9 /* Tests.swift in Sources */,
			);
			runOnlyForDeploymentPostprocessing = 0;
		};
		53868D89233B448400CDB8F4 /* Sources */ = {
			isa = PBXSourcesBuildPhase;
			buildActionMask = 2147483647;
			files = (
				539219622355DD18003A74FF /* RBActionView.swift in Sources */,
				53868DB7233B559000CDB8F4 /* RBTapRecordView.swift in Sources */,
				539219702355E039003A74FF /* RatchetToolbarMode.swift in Sources */,
				53868DB6233B559000CDB8F4 /* RBPlayheadView.swift in Sources */,
				5392195F2355DD18003A74FF /* RBToolbarView.swift in Sources */,
				539219602355DD18003A74FF /* RBEditorViewController.swift in Sources */,
				539219682355DD50003A74FF /* RhythmToolbarMode.swift in Sources */,
				5392196E2355E01E003A74FF /* SnapshotToolbarMode.swift in Sources */,
				53868D91233B448400CDB8F4 /* AppDelegate.swift in Sources */,
				5392196C2355E013003A74FF /* ArpToolbarMode.swift in Sources */,
				53144BF5235726900021DCD9 /* RecordToolbarMode.swift in Sources */,
				5392196A2355E006003A74FF /* VelocityToolbarMode.swift in Sources */,
				539219612355DD18003A74FF /* RBData.swift in Sources */,
				53868DB5233B559000CDB8F4 /* RBScrollViewCell.swift in Sources */,
				53868DB4233B559000CDB8F4 /* RBScrollView.swift in Sources */,
			);
			runOnlyForDeploymentPostprocessing = 0;
		};
/* End PBXSourcesBuildPhase section */

/* Begin PBXTargetDependency section */
		53144BF02357131E0021DCD9 /* PBXTargetDependency */ = {
			isa = PBXTargetDependency;
			target = 53868D8C233B448400CDB8F4 /* RBEditorViewController */;
			targetProxy = 53144BEF2357131E0021DCD9 /* PBXContainerItemProxy */;
		};
/* End PBXTargetDependency section */

/* Begin PBXVariantGroup section */
		53868D94233B448400CDB8F4 /* Main.storyboard */ = {
			isa = PBXVariantGroup;
			children = (
				53868D95233B448400CDB8F4 /* Base */,
			);
			name = Main.storyboard;
			sourceTree = "<group>";
		};
		53868D99233B448500CDB8F4 /* LaunchScreen.storyboard */ = {
			isa = PBXVariantGroup;
			children = (
				53868D9A233B448500CDB8F4 /* Base */,
			);
			name = LaunchScreen.storyboard;
			sourceTree = "<group>";
		};
/* End PBXVariantGroup section */

/* Begin XCBuildConfiguration section */
		53144BF12357131E0021DCD9 /* Debug */ = {
			isa = XCBuildConfiguration;
			buildSettings = {
				BUNDLE_LOADER = "$(TEST_HOST)";
				CODE_SIGN_STYLE = Automatic;
				DEVELOPMENT_TEAM = 77Y3N48SNF;
				INFOPLIST_FILE = Tests/Info.plist;
				IPHONEOS_DEPLOYMENT_TARGET = 13.1;
				LD_RUNPATH_SEARCH_PATHS = (
					"$(inherited)",
					"@executable_path/Frameworks",
					"@loader_path/Frameworks",
				);
				PRODUCT_BUNDLE_IDENTIFIER = com.cemolcay.Tests;
				PRODUCT_NAME = "$(TARGET_NAME)";
				SWIFT_VERSION = 5.0;
				TARGETED_DEVICE_FAMILY = "1,2";
				TEST_HOST = "$(BUILT_PRODUCTS_DIR)/RBEditorViewController.app/RBEditorViewController";
			};
			name = Debug;
		};
		53144BF22357131E0021DCD9 /* Release */ = {
			isa = XCBuildConfiguration;
			buildSettings = {
				BUNDLE_LOADER = "$(TEST_HOST)";
				CODE_SIGN_STYLE = Automatic;
				DEVELOPMENT_TEAM = 77Y3N48SNF;
				INFOPLIST_FILE = Tests/Info.plist;
				IPHONEOS_DEPLOYMENT_TARGET = 13.1;
				LD_RUNPATH_SEARCH_PATHS = (
					"$(inherited)",
					"@executable_path/Frameworks",
					"@loader_path/Frameworks",
				);
				PRODUCT_BUNDLE_IDENTIFIER = com.cemolcay.Tests;
				PRODUCT_NAME = "$(TARGET_NAME)";
				SWIFT_VERSION = 5.0;
				TARGETED_DEVICE_FAMILY = "1,2";
				TEST_HOST = "$(BUILT_PRODUCTS_DIR)/RBEditorViewController.app/RBEditorViewController";
			};
			name = Release;
		};
		53868D9D233B448500CDB8F4 /* Debug */ = {
			isa = XCBuildConfiguration;
			buildSettings = {
				ALWAYS_SEARCH_USER_PATHS = NO;
				CLANG_ANALYZER_NONNULL = YES;
				CLANG_ANALYZER_NUMBER_OBJECT_CONVERSION = YES_AGGRESSIVE;
				CLANG_CXX_LANGUAGE_STANDARD = "gnu++14";
				CLANG_CXX_LIBRARY = "libc++";
				CLANG_ENABLE_MODULES = YES;
				CLANG_ENABLE_OBJC_ARC = YES;
				CLANG_ENABLE_OBJC_WEAK = YES;
				CLANG_WARN_BLOCK_CAPTURE_AUTORELEASING = YES;
				CLANG_WARN_BOOL_CONVERSION = YES;
				CLANG_WARN_COMMA = YES;
				CLANG_WARN_CONSTANT_CONVERSION = YES;
				CLANG_WARN_DEPRECATED_OBJC_IMPLEMENTATIONS = YES;
				CLANG_WARN_DIRECT_OBJC_ISA_USAGE = YES_ERROR;
				CLANG_WARN_DOCUMENTATION_COMMENTS = YES;
				CLANG_WARN_EMPTY_BODY = YES;
				CLANG_WARN_ENUM_CONVERSION = YES;
				CLANG_WARN_INFINITE_RECURSION = YES;
				CLANG_WARN_INT_CONVERSION = YES;
				CLANG_WARN_NON_LITERAL_NULL_CONVERSION = YES;
				CLANG_WARN_OBJC_IMPLICIT_RETAIN_SELF = YES;
				CLANG_WARN_OBJC_LITERAL_CONVERSION = YES;
				CLANG_WARN_OBJC_ROOT_CLASS = YES_ERROR;
				CLANG_WARN_RANGE_LOOP_ANALYSIS = YES;
				CLANG_WARN_STRICT_PROTOTYPES = YES;
				CLANG_WARN_SUSPICIOUS_MOVE = YES;
				CLANG_WARN_UNGUARDED_AVAILABILITY = YES_AGGRESSIVE;
				CLANG_WARN_UNREACHABLE_CODE = YES;
				CLANG_WARN__DUPLICATE_METHOD_MATCH = YES;
				CODE_SIGN_IDENTITY = "iPhone Developer";
				COPY_PHASE_STRIP = NO;
				DEBUG_INFORMATION_FORMAT = dwarf;
				ENABLE_STRICT_OBJC_MSGSEND = YES;
				ENABLE_TESTABILITY = YES;
				GCC_C_LANGUAGE_STANDARD = gnu11;
				GCC_DYNAMIC_NO_PIC = NO;
				GCC_NO_COMMON_BLOCKS = YES;
				GCC_OPTIMIZATION_LEVEL = 0;
				GCC_PREPROCESSOR_DEFINITIONS = (
					"DEBUG=1",
					"$(inherited)",
				);
				GCC_WARN_64_TO_32_BIT_CONVERSION = YES;
				GCC_WARN_ABOUT_RETURN_TYPE = YES_ERROR;
				GCC_WARN_UNDECLARED_SELECTOR = YES;
				GCC_WARN_UNINITIALIZED_AUTOS = YES_AGGRESSIVE;
				GCC_WARN_UNUSED_FUNCTION = YES;
				GCC_WARN_UNUSED_VARIABLE = YES;
				IPHONEOS_DEPLOYMENT_TARGET = 12.2;
				MTL_ENABLE_DEBUG_INFO = INCLUDE_SOURCE;
				MTL_FAST_MATH = YES;
				ONLY_ACTIVE_ARCH = YES;
				SDKROOT = iphoneos;
				SWIFT_ACTIVE_COMPILATION_CONDITIONS = DEBUG;
				SWIFT_OPTIMIZATION_LEVEL = "-Onone";
			};
			name = Debug;
		};
		53868D9E233B448500CDB8F4 /* Release */ = {
			isa = XCBuildConfiguration;
			buildSettings = {
				ALWAYS_SEARCH_USER_PATHS = NO;
				CLANG_ANALYZER_NONNULL = YES;
				CLANG_ANALYZER_NUMBER_OBJECT_CONVERSION = YES_AGGRESSIVE;
				CLANG_CXX_LANGUAGE_STANDARD = "gnu++14";
				CLANG_CXX_LIBRARY = "libc++";
				CLANG_ENABLE_MODULES = YES;
				CLANG_ENABLE_OBJC_ARC = YES;
				CLANG_ENABLE_OBJC_WEAK = YES;
				CLANG_WARN_BLOCK_CAPTURE_AUTORELEASING = YES;
				CLANG_WARN_BOOL_CONVERSION = YES;
				CLANG_WARN_COMMA = YES;
				CLANG_WARN_CONSTANT_CONVERSION = YES;
				CLANG_WARN_DEPRECATED_OBJC_IMPLEMENTATIONS = YES;
				CLANG_WARN_DIRECT_OBJC_ISA_USAGE = YES_ERROR;
				CLANG_WARN_DOCUMENTATION_COMMENTS = YES;
				CLANG_WARN_EMPTY_BODY = YES;
				CLANG_WARN_ENUM_CONVERSION = YES;
				CLANG_WARN_INFINITE_RECURSION = YES;
				CLANG_WARN_INT_CONVERSION = YES;
				CLANG_WARN_NON_LITERAL_NULL_CONVERSION = YES;
				CLANG_WARN_OBJC_IMPLICIT_RETAIN_SELF = YES;
				CLANG_WARN_OBJC_LITERAL_CONVERSION = YES;
				CLANG_WARN_OBJC_ROOT_CLASS = YES_ERROR;
				CLANG_WARN_RANGE_LOOP_ANALYSIS = YES;
				CLANG_WARN_STRICT_PROTOTYPES = YES;
				CLANG_WARN_SUSPICIOUS_MOVE = YES;
				CLANG_WARN_UNGUARDED_AVAILABILITY = YES_AGGRESSIVE;
				CLANG_WARN_UNREACHABLE_CODE = YES;
				CLANG_WARN__DUPLICATE_METHOD_MATCH = YES;
				CODE_SIGN_IDENTITY = "iPhone Developer";
				COPY_PHASE_STRIP = NO;
				DEBUG_INFORMATION_FORMAT = "dwarf-with-dsym";
				ENABLE_NS_ASSERTIONS = NO;
				ENABLE_STRICT_OBJC_MSGSEND = YES;
				GCC_C_LANGUAGE_STANDARD = gnu11;
				GCC_NO_COMMON_BLOCKS = YES;
				GCC_WARN_64_TO_32_BIT_CONVERSION = YES;
				GCC_WARN_ABOUT_RETURN_TYPE = YES_ERROR;
				GCC_WARN_UNDECLARED_SELECTOR = YES;
				GCC_WARN_UNINITIALIZED_AUTOS = YES_AGGRESSIVE;
				GCC_WARN_UNUSED_FUNCTION = YES;
				GCC_WARN_UNUSED_VARIABLE = YES;
				IPHONEOS_DEPLOYMENT_TARGET = 12.2;
				MTL_ENABLE_DEBUG_INFO = NO;
				MTL_FAST_MATH = YES;
				SDKROOT = iphoneos;
				SWIFT_COMPILATION_MODE = wholemodule;
				SWIFT_OPTIMIZATION_LEVEL = "-O";
				VALIDATE_PRODUCT = YES;
			};
			name = Release;
		};
		53868DA0233B448500CDB8F4 /* Debug */ = {
			isa = XCBuildConfiguration;
			buildSettings = {
				ASSETCATALOG_COMPILER_APPICON_NAME = AppIcon;
				CODE_SIGN_STYLE = Automatic;
				DEVELOPMENT_TEAM = 77Y3N48SNF;
				INFOPLIST_FILE = RBEditorViewController/Info.plist;
				LD_RUNPATH_SEARCH_PATHS = (
					"$(inherited)",
					"@executable_path/Frameworks",
				);
				PRODUCT_BUNDLE_IDENTIFIER = com.cemolcay.RBEditorViewController;
				PRODUCT_NAME = "$(TARGET_NAME)";
				SWIFT_VERSION = 5.0;
				TARGETED_DEVICE_FAMILY = "1,2";
			};
			name = Debug;
		};
		53868DA1233B448500CDB8F4 /* Release */ = {
			isa = XCBuildConfiguration;
			buildSettings = {
				ASSETCATALOG_COMPILER_APPICON_NAME = AppIcon;
				CODE_SIGN_STYLE = Automatic;
				DEVELOPMENT_TEAM = 77Y3N48SNF;
				INFOPLIST_FILE = RBEditorViewController/Info.plist;
				LD_RUNPATH_SEARCH_PATHS = (
					"$(inherited)",
					"@executable_path/Frameworks",
				);
				PRODUCT_BUNDLE_IDENTIFIER = com.cemolcay.RBEditorViewController;
				PRODUCT_NAME = "$(TARGET_NAME)";
				SWIFT_VERSION = 5.0;
				TARGETED_DEVICE_FAMILY = "1,2";
			};
			name = Release;
		};
/* End XCBuildConfiguration section */

/* Begin XCConfigurationList section */
		53144BF32357131E0021DCD9 /* Build configuration list for PBXNativeTarget "Tests" */ = {
			isa = XCConfigurationList;
			buildConfigurations = (
				53144BF12357131E0021DCD9 /* Debug */,
				53144BF22357131E0021DCD9 /* Release */,
			);
			defaultConfigurationIsVisible = 0;
			defaultConfigurationName = Release;
		};
		53868D88233B448400CDB8F4 /* Build configuration list for PBXProject "RBEditorViewController" */ = {
			isa = XCConfigurationList;
			buildConfigurations = (
				53868D9D233B448500CDB8F4 /* Debug */,
				53868D9E233B448500CDB8F4 /* Release */,
			);
			defaultConfigurationIsVisible = 0;
			defaultConfigurationName = Release;
		};
		53868D9F233B448500CDB8F4 /* Build configuration list for PBXNativeTarget "RBEditorViewController" */ = {
			isa = XCConfigurationList;
			buildConfigurations = (
				53868DA0233B448500CDB8F4 /* Debug */,
				53868DA1233B448500CDB8F4 /* Release */,
			);
			defaultConfigurationIsVisible = 0;
			defaultConfigurationName = Release;
		};
/* End XCConfigurationList section */
	};
	rootObject = 53868D85233B448400CDB8F4 /* Project object */;
}
